
Microsoft Visual Studio Solution File, Format Version 12.00
Project("{FAE04EC0-301F-11D3-BF4B-00C04F79EFBC}") = "8819123_EventFeedCore", "8819123_EventFeedCore\8819123_EventFeedCore.csproj", "{A979A179-D165-420E-BB1A-F6F6BD30BB7D}"
EndProject
Global
	GlobalSection(SolutionConfigurationPlatforms) = preSolution
		Debug|Any CPU = Debug|Any CPU
		Release|Any CPU = Release|Any CPU
	EndGlobalSection
	GlobalSection(ProjectConfigurationPlatforms) = postSolution
		{A979A179-D165-420E-BB1A-F6F6BD30BB7D}.Debug|Any CPU.ActiveCfg = Debug|Any CPU
		{A979A179-D165-420E-BB1A-F6F6BD30BB7D}.Debug|Any CPU.Build.0 = Debug|Any CPU
		{A979A179-D165-420E-BB1A-F6F6BD30BB7D}.Release|Any CPU.ActiveCfg = Release|Any CPU
		{A979A179-D165-420E-BB1A-F6F6BD30BB7D}.Release|Any CPU.Build.0 = Release|Any CPU
	EndGlobalSection
EndGlobal
