
Microsoft Visual Studio Solution File, Format Version 12.00
# Visual Studio Version 17
VisualStudioVersion = 17.14.36623.8 d17.14
MinimumVisualStudioVersion = 10.0.40219.1
Project("{FAE04EC0-301F-11D3-BF4B-00C04F79EFBC}") = "EventFeedCore", "8819123_EventFeedCore\EventFeedCore.csproj", "{A979A179-D165-420E-BB1A-F6F6BD30BB7D}"
EndProject
Global
	GlobalSection(SolutionConfigurationPlatforms) = preSolution
		Debug|Any CPU = Debug|Any CPU
		Release|Any CPU = Release|Any CPU
	EndGlobalSection
	GlobalSection(ProjectConfigurationPlatforms) = postSolution
		{A979A179-D165-420E-BB1A-F6F6BD30BB7D}.Debug|Any CPU.ActiveCfg = Debug|Any CPU
		{A979A179-D165-420E-BB1A-F6F6BD30BB7D}.Debug|Any CPU.Build.0 = Debug|Any CPU
		{A979A179-D165-420E-BB1A-F6F6BD30BB7D}.Release|Any CPU.ActiveCfg = Release|Any CPU
		{A979A179-D165-420E-BB1A-F6F6BD30BB7D}.Release|Any CPU.Build.0 = Release|Any CPU
	EndGlobalSection
	GlobalSection(SolutionProperties) = preSolution
		HideSolutionNode = FALSE
	EndGlobalSection
	GlobalSection(ExtensibilityGlobals) = postSolution
		SolutionGuid = {81A6C40E-FDC2-4A38-A061-480E5DCE891D}
	EndGlobalSection
EndGlobal
